<?xml version="1.0" encoding="utf-8"?>
<Project ToolsVersion="4.0" xmlns="http://schemas.microsoft.com/developer/msbuild/2003">
  <ItemGroup>
    <Filter Include="Файлы заголовков">
      <UniqueIdentifier>{93995380-89BD-4b04-88EB-625FBE52EBFB}</UniqueIdentifier>
      <Extensions>h;hh;hpp;hxx;h++;hm;inl;inc;ipp;xsd</Extensions>
    </Filter>
    <Filter Include="Файлы ресурсов">
      <UniqueIdentifier>{67DA6AB6-F800-4c08-8B7A-83BB121AAD01}</UniqueIdentifier>
      <Extensions>rc;ico;cur;bmp;dlg;rc2;rct;bin;rgs;gif;jpg;jpeg;jpe;resx;tiff;tif;png;wav;mfcribbon-ms</Extensions>
    </Filter>
    <Filter Include="Исходные файлы">
      <UniqueIdentifier>{4FC737F1-C7A5-4376-A066-2A32D752A2FF}</UniqueIdentifier>
      <Extensions>cpp;c;cc;cxx;c++;cppm;ixx;def;odl;idl;hpj;bat;asm;asmx</Extensions>
    </Filter>
    <Filter Include="Файлы ресурсов\1 sem Programming">
      <UniqueIdentifier>{46ee06ab-dfb0-416f-93df-b4df7aacf47a}</UniqueIdentifier>
    </Filter>
    <Filter Include="Файлы ресурсов\2 sem Programming">
      <UniqueIdentifier>{e9c4f618-7559-4ad9-92e4-f97ea5945aab}</UniqueIdentifier>
    </Filter>
    <Filter Include="Файлы ресурсов\SAOD">
      <UniqueIdentifier>{633f59c2-c317-4b8f-98d8-b354ee457ee4}</UniqueIdentifier>
    </Filter>
    <Filter Include="Файлы ресурсов\inform">
      <UniqueIdentifier>{e9baafc5-7194-4b52-903a-f6b4d3129b84}</UniqueIdentifier>
    </Filter>
    <Filter Include="Файлы ресурсов\TRPO">
      <UniqueIdentifier>{e4c06f6e-30bc-4346-bd9d-2e23af767dad}</UniqueIdentifier>
    </Filter>
  </ItemGroup>
  <ItemGroup>
    <ClCompile Include="code\1 sem\Lab9.cpp">
      <Filter>Файлы ресурсов\1 sem Programming</Filter>
    </ClCompile>
    <ClCompile Include="code\1 sem\Lab3__.cpp">
      <Filter>Файлы ресурсов\1 sem Programming</Filter>
    </ClCompile>
    <ClCompile Include="code\1 sem\Lab5.cpp">
      <Filter>Файлы ресурсов\1 sem Programming</Filter>
    </ClCompile>
    <ClCompile Include="code\1 sem\Lab6.cpp">
      <Filter>Файлы ресурсов\1 sem Programming</Filter>
    </ClCompile>
    <ClCompile Include="code\1 sem\Lab7.cpp">
      <Filter>Файлы ресурсов\1 sem Programming</Filter>
    </ClCompile>
    <ClCompile Include="code\1 sem\Lab8.cpp">
      <Filter>Файлы ресурсов\1 sem Programming</Filter>
    </ClCompile>
    <ClCompile Include="code\2 sem\9Lab.cpp">
      <Filter>Файлы ресурсов\2 sem Programming</Filter>
    </ClCompile>
    <ClCompile Include="code\2 sem\LAab7.cpp">
      <Filter>Файлы ресурсов\2 sem Programming</Filter>
    </ClCompile>
    <ClCompile Include="code\2 sem\Lab3(2 sem).cpp">
      <Filter>Файлы ресурсов\2 sem Programming</Filter>
    </ClCompile>
    <ClCompile Include="code\2 sem\5lab.cpp">
      <Filter>Файлы ресурсов\2 sem Programming</Filter>
    </ClCompile>
    <ClCompile Include="code\2 sem\8Lab.cpp">
      <Filter>Файлы ресурсов\2 sem Programming</Filter>
    </ClCompile>
    <ClCompile Include="code\SAOD\lab2 saod.cpp">
      <Filter>Файлы ресурсов\SAOD</Filter>
    </ClCompile>
    <ClCompile Include="code\inform\test.c">
      <Filter>Файлы ресурсов\inform</Filter>
    </ClCompile>
    <ClCompile Include="code\inform\test.cpp">
      <Filter>Файлы ресурсов\inform</Filter>
    </ClCompile>
    <ClCompile Include="code\inform\11dz.c">
      <Filter>Файлы ресурсов\inform</Filter>
    </ClCompile>
    <ClCompile Include="code\inform\myikoleshko — копия.c">
      <Filter>Файлы ресурсов\inform</Filter>
    </ClCompile>
    <ClCompile Include="code\inform\myikoleshko.c">
      <Filter>Файлы ресурсов\inform</Filter>
    </ClCompile>
    <ClCompile Include="code\2 sem\lab4.cpp">
      <Filter>Файлы ресурсов\2 sem Programming</Filter>
    </ClCompile>
    <ClCompile Include="code\SAOD\saod5true.cpp">
      <Filter>Файлы ресурсов\SAOD</Filter>
    </ClCompile>
    <ClCompile Include="code\2 sem\Lab_6_Prog.cpp">
      <Filter>Файлы ресурсов\2 sem Programming</Filter>
    </ClCompile>
  </ItemGroup>
  <ItemGroup>
    <None Include="code\inform\test.db">
      <Filter>Файлы ресурсов\inform</Filter>
    </None>
    <None Include="code\inform\movies.db">
      <Filter>Файлы ресурсов\inform</Filter>
    </None>
  </ItemGroup>
</Project>