<?xml version="1.0" encoding="utf-8"?>
<Project ToolsVersion="4.0" xmlns="http://schemas.microsoft.com/developer/msbuild/2003">
  <ItemGroup>
    <Filter Include="Файлы заголовков">
      <UniqueIdentifier>{93995380-89BD-4b04-88EB-625FBE52EBFB}</UniqueIdentifier>
      <Extensions>h;hh;hpp;hxx;h++;hm;inl;inc;ipp;xsd</Extensions>
    </Filter>
    <Filter Include="Файлы ресурсов">
      <UniqueIdentifier>{67DA6AB6-F800-4c08-8B7A-83BB121AAD01}</UniqueIdentifier>
      <Extensions>rc;ico;cur;bmp;dlg;rc2;rct;bin;rgs;gif;jpg;jpeg;jpe;resx;tiff;tif;png;wav;mfcribbon-ms</Extensions>
    </Filter>
    <Filter Include="Исходные файлы">
      <UniqueIdentifier>{4FC737F1-C7A5-4376-A066-2A32D752A2FF}</UniqueIdentifier>
      <Extensions>cpp;c;cc;cxx;c++;cppm;ixx;def;odl;idl;hpj;bat;asm;asmx</Extensions>
    </Filter>
    <Filter Include="Файлы ресурсов\Lab 2 sem">
      <UniqueIdentifier>{feb7fa58-185b-48d5-b26b-a04276f95803}</UniqueIdentifier>
    </Filter>
    <Filter Include="Файлы ресурсов\SAOD">
      <UniqueIdentifier>{7fa1a002-30e3-476c-9b1d-de35c34942a0}</UniqueIdentifier>
    </Filter>
    <Filter Include="Файлы ресурсов\Lab 1 sem">
      <UniqueIdentifier>{68d7cd66-e0f8-45c1-9f50-3a0af37a6773}</UniqueIdentifier>
    </Filter>
  </ItemGroup>
  <ItemGroup>
    <ClCompile Include="lib\sqlite3.c">
      <Filter>Исходные файлы</Filter>
    </ClCompile>
    <ClCompile Include="testing.c">
      <Filter>Файлы ресурсов</Filter>
    </ClCompile>
    <ClCompile Include="Labtesting.cpp">
      <Filter>Файлы ресурсов</Filter>
    </ClCompile>
    <ClCompile Include="main.c">
      <Filter>Файлы ресурсов</Filter>
    </ClCompile>
    <ClCompile Include="test.c">
      <Filter>Файлы ресурсов</Filter>
    </ClCompile>
    <ClCompile Include="EGE.cpp">
      <Filter>Файлы ресурсов</Filter>
    </ClCompile>
    <ClCompile Include="myikoleshko.c">
      <Filter>Файлы ресурсов</Filter>
    </ClCompile>
    <ClCompile Include="11dz.c">
      <Filter>Файлы ресурсов</Filter>
    </ClCompile>
    <ClCompile Include="myikoleshko — копия.c">
      <Filter>Файлы ресурсов</Filter>
    </ClCompile>
    <ClCompile Include="test.cpp">
      <Filter>Файлы ресурсов</Filter>
    </ClCompile>
    <ClCompile Include="Lab3(2 sem).cpp">
      <Filter>Файлы ресурсов\Lab 2 sem</Filter>
    </ClCompile>
    <ClCompile Include="Lab9.cpp">
      <Filter>Файлы ресурсов\Lab 1 sem</Filter>
    </ClCompile>
    <ClCompile Include="Lab3__.cpp">
      <Filter>Файлы ресурсов\Lab 1 sem</Filter>
    </ClCompile>
    <ClCompile Include="Lab5.cpp">
      <Filter>Файлы ресурсов\Lab 1 sem</Filter>
    </ClCompile>
    <ClCompile Include="Lab6.cpp">
      <Filter>Файлы ресурсов\Lab 1 sem</Filter>
    </ClCompile>
    <ClCompile Include="Lab7.cpp">
      <Filter>Файлы ресурсов\Lab 1 sem</Filter>
    </ClCompile>
    <ClCompile Include="Lab8.cpp">
      <Filter>Файлы ресурсов\Lab 1 sem</Filter>
    </ClCompile>
    <ClCompile Include="5lab.cpp">
      <Filter>Файлы ресурсов\Lab 2 sem</Filter>
    </ClCompile>
    <ClCompile Include="LAab7.cpp">
      <Filter>Файлы ресурсов\Lab 2 sem</Filter>
    </ClCompile>
    <ClCompile Include="lab2 saod.cpp">
      <Filter>Файлы ресурсов\SAOD</Filter>
    </ClCompile>
    <ClCompile Include="9Lab.cpp">
      <Filter>Файлы ресурсов\Lab 2 sem</Filter>
    </ClCompile>
    <ClCompile Include="8Lab.cpp">
      <Filter>Файлы ресурсов\Lab 2 sem</Filter>
    </ClCompile>
  </ItemGroup>
  <ItemGroup>
    <ClInclude Include="lib\sqlite3.h">
      <Filter>Файлы заголовков</Filter>
    </ClInclude>
  </ItemGroup>
</Project>